
Microsoft Visual Studio Solution File, Format Version 12.00
# Visual Studio Version 17
VisualStudioVersion = 17.14.37027.9
MinimumVisualStudioVersion = 10.0.40219.1
Project("{FAE04EC0-301F-11D3-BF4B-00C04F79EFBC}") = "Platform.Service", "Platform.Service\Platform.Service.csproj", "{3EB492E9-938E-4C5B-9469-C62D164BCB49}"
EndProject
Project("{FAE04EC0-301F-11D3-BF4B-00C04F79EFBC}") = "Platform.Host", "Platform.Host\Platform.Host.csproj", "{4CB47EA5-3212-4AED-9587-DA925B44E1BE}"
EndProject
Project("{FAE04EC0-301F-11D3-BF4B-00C04F79EFBC}") = "Platform.Client", "Platform.Client\Platform.Client.csproj", "{40B5520E-E018-4523-AD1F-00E183FAD7F3}"
	ProjectSection(ProjectDependencies) = postProject
		{3EB492E9-938E-4C5B-9469-C62D164BCB49} = {3EB492E9-938E-4C5B-9469-C62D164BCB49}
	EndProjectSection
EndProject
Project("{FAE04EC0-301F-11D3-BF4B-00C04F79EFBC}") = "Platform.WcfService", "Platform.WcfService\Platform.WcfService.csproj", "{B0E060D3-5583-4CEB-8DD8-E076807F2B0D}"
EndProject
Global
	GlobalSection(SolutionConfigurationPlatforms) = preSolution
		Debug|Any CPU = Debug|Any CPU
		Release|Any CPU = Release|Any CPU
	EndGlobalSection
	GlobalSection(ProjectConfigurationPlatforms) = postSolution
		{3EB492E9-938E-4C5B-9469-C62D164BCB49}.Debug|Any CPU.ActiveCfg = Debug|Any CPU
		{3EB492E9-938E-4C5B-9469-C62D164BCB49}.Debug|Any CPU.Build.0 = Debug|Any CPU
		{3EB492E9-938E-4C5B-9469-C62D164BCB49}.Release|Any CPU.ActiveCfg = Release|Any CPU
		{3EB492E9-938E-4C5B-9469-C62D164BCB49}.Release|Any CPU.Build.0 = Release|Any CPU
		{4CB47EA5-3212-4AED-9587-DA925B44E1BE}.Debug|Any CPU.ActiveCfg = Debug|Any CPU
		{4CB47EA5-3212-4AED-9587-DA925B44E1BE}.Debug|Any CPU.Build.0 = Debug|Any CPU
		{4CB47EA5-3212-4AED-9587-DA925B44E1BE}.Release|Any CPU.ActiveCfg = Release|Any CPU
		{4CB47EA5-3212-4AED-9587-DA925B44E1BE}.Release|Any CPU.Build.0 = Release|Any CPU
		{40B5520E-E018-4523-AD1F-00E183FAD7F3}.Debug|Any CPU.ActiveCfg = Debug|Any CPU
		{40B5520E-E018-4523-AD1F-00E183FAD7F3}.Debug|Any CPU.Build.0 = Debug|Any CPU
		{40B5520E-E018-4523-AD1F-00E183FAD7F3}.Release|Any CPU.ActiveCfg = Release|Any CPU
		{40B5520E-E018-4523-AD1F-00E183FAD7F3}.Release|Any CPU.Build.0 = Release|Any CPU
		{B0E060D3-5583-4CEB-8DD8-E076807F2B0D}.Debug|Any CPU.ActiveCfg = Debug|Any CPU
		{B0E060D3-5583-4CEB-8DD8-E076807F2B0D}.Debug|Any CPU.Build.0 = Debug|Any CPU
		{B0E060D3-5583-4CEB-8DD8-E076807F2B0D}.Release|Any CPU.ActiveCfg = Release|Any CPU
		{B0E060D3-5583-4CEB-8DD8-E076807F2B0D}.Release|Any CPU.Build.0 = Release|Any CPU
	EndGlobalSection
	GlobalSection(SolutionProperties) = preSolution
		HideSolutionNode = FALSE
	EndGlobalSection
	GlobalSection(ExtensibilityGlobals) = postSolution
		SolutionGuid = {1F3767D4-E570-4764-9B16-2AD187C92535}
	EndGlobalSection
EndGlobal
